
Microsoft Visual Studio Solution File, Format Version 12.00
# Visual Studio Version 17
VisualStudioVersion = 17.4.33205.214
MinimumVisualStudioVersion = 10.0.40219.1
Project("{FAE04EC0-301F-11D3-BF4B-00C04F79EFBC}") = "00Demo", "00Demo\00Demo.csproj", "{77BA07AF-652B-46C4-A3CB-7C6B8A37E1B7}"
EndProject
Project("{FAE04EC0-301F-11D3-BF4B-00C04F79EFBC}") = "01Demo", "01Demo\01Demo.csproj", "{DEC1B9E1-0B0F-47A4-B20B-6E31FB1B1E00}"
EndProject
Global
	GlobalSection(SolutionConfigurationPlatforms) = preSolution
		Debug|Any CPU = Debug|Any CPU
		Release|Any CPU = Release|Any CPU
	EndGlobalSection
	GlobalSection(ProjectConfigurationPlatforms) = postSolution
		{77BA07AF-652B-46C4-A3CB-7C6B8A37E1B7}.Debug|Any CPU.ActiveCfg = Debug|Any CPU
		{77BA07AF-652B-46C4-A3CB-7C6B8A37E1B7}.Debug|Any CPU.Build.0 = Debug|Any CPU
		{77BA07AF-652B-46C4-A3CB-7C6B8A37E1B7}.Release|Any CPU.ActiveCfg = Release|Any CPU
		{77BA07AF-652B-46C4-A3CB-7C6B8A37E1B7}.Release|Any CPU.Build.0 = Release|Any CPU
		{DEC1B9E1-0B0F-47A4-B20B-6E31FB1B1E00}.Debug|Any CPU.ActiveCfg = Debug|Any CPU
		{DEC1B9E1-0B0F-47A4-B20B-6E31FB1B1E00}.Debug|Any CPU.Build.0 = Debug|Any CPU
		{DEC1B9E1-0B0F-47A4-B20B-6E31FB1B1E00}.Release|Any CPU.ActiveCfg = Release|Any CPU
		{DEC1B9E1-0B0F-47A4-B20B-6E31FB1B1E00}.Release|Any CPU.Build.0 = Release|Any CPU
	EndGlobalSection
	GlobalSection(SolutionProperties) = preSolution
		HideSolutionNode = FALSE
	EndGlobalSection
	GlobalSection(ExtensibilityGlobals) = postSolution
		SolutionGuid = {8DF640D6-2F22-42CB-86AE-1639A752BC58}
	EndGlobalSection
EndGlobal
